// !$*UTF8*$!
{
	archiveVersion = 1;
	classes = {
	};
	objectVersion = 50;
	objects = {

/* Begin PBXBuildFile section */
		DA3B0287263A113500B69891 /* AppDelegate.swift in Sources */ = {isa = PBXBuildFile; fileRef = DA3B0286263A113500B69891 /* AppDelegate.swift */; };
		DA3B0289263A113500B69891 /* GameScene.sks in Resources */ = {isa = PBXBuildFile; fileRef = DA3B0288263A113500B69891 /* GameScene.sks */; };
		DA3B028D263A113500B69891 /* GameScene.swift in Sources */ = {isa = PBXBuildFile; fileRef = DA3B028C263A113500B69891 /* GameScene.swift */; };
		DA3B028F263A113500B69891 /* GameViewController.swift in Sources */ = {isa = PBXBuildFile; fileRef = DA3B028E263A113500B69891 /* GameViewController.swift */; };
		DA3B0292263A113500B69891 /* Main.storyboard in Resources */ = {isa = PBXBuildFile; fileRef = DA3B0290263A113500B69891 /* Main.storyboard */; };
		DA3B0294263A113700B69891 /* Assets.xcassets in Resources */ = {isa = PBXBuildFile; fileRef = DA3B0293263A113700B69891 /* Assets.xcassets */; };
		DA3B029C263A117A00B69891 /* README.md in Resources */ = {isa = PBXBuildFile; fileRef = DA3B029B263A117A00B69891 /* README.md */; };
		DA3B02AD263A16B700B69891 /* FireParticles.sks in Resources */ = {isa = PBXBuildFile; fileRef = DA3B029E263A16B700B69891 /* FireParticles.sks */; };
		DA3B02AE263A16B700B69891 /* ballBlue@2x.png in Resources */ = {isa = PBXBuildFile; fileRef = DA3B029F263A16B700B69891 /* ballBlue@2x.png */; };
		DA3B02AF263A16B700B69891 /* slotGlowBad@2x.png in Resources */ = {isa = PBXBuildFile; fileRef = DA3B02A0263A16B700B69891 /* slotGlowBad@2x.png */; };
		DA3B02B0263A16B700B69891 /* ballYellow@2x.png in Resources */ = {isa = PBXBuildFile; fileRef = DA3B02A1263A16B700B69891 /* ballYellow@2x.png */; };
		DA3B02B1263A16B700B69891 /* slotBaseGood@2x.png in Resources */ = {isa = PBXBuildFile; fileRef = DA3B02A2263A16B700B69891 /* slotBaseGood@2x.png */; };
		DA3B02B2263A16B700B69891 /* ballPurple@2x.png in Resources */ = {isa = PBXBuildFile; fileRef = DA3B02A3263A16B700B69891 /* ballPurple@2x.png */; };
		DA3B02B3263A16B700B69891 /* slotBaseBad@2x.png in Resources */ = {isa = PBXBuildFile; fileRef = DA3B02A4263A16B700B69891 /* slotBaseBad@2x.png */; };
		DA3B02B4263A16B700B69891 /* ballGrey@2x.png in Resources */ = {isa = PBXBuildFile; fileRef = DA3B02A5263A16B700B69891 /* ballGrey@2x.png */; };
		DA3B02B5263A16B700B69891 /* spark.png in Resources */ = {isa = PBXBuildFile; fileRef = DA3B02A6263A16B700B69891 /* spark.png */; };
		DA3B02B6263A16B700B69891 /* bouncer@2x.png in Resources */ = {isa = PBXBuildFile; fileRef = DA3B02A7263A16B700B69891 /* bouncer@2x.png */; };
		DA3B02B7263A16B700B69891 /* slotGlowGood@2x.png in Resources */ = {isa = PBXBuildFile; fileRef = DA3B02A8263A16B700B69891 /* slotGlowGood@2x.png */; };
		DA3B02B8263A16B700B69891 /* ballRed@2x.png in Resources */ = {isa = PBXBuildFile; fileRef = DA3B02A9263A16B700B69891 /* ballRed@2x.png */; };
		DA3B02B9263A16B700B69891 /* ballCyan@2x.png in Resources */ = {isa = PBXBuildFile; fileRef = DA3B02AA263A16B700B69891 /* ballCyan@2x.png */; };
		DA3B02BA263A16B700B69891 /* background@2x.jpg in Resources */ = {isa = PBXBuildFile; fileRef = DA3B02AB263A16B700B69891 /* background@2x.jpg */; };
		DA3B02BB263A16B700B69891 /* ballGreen@2x.png in Resources */ = {isa = PBXBuildFile; fileRef = DA3B02AC263A16B700B69891 /* ballGreen@2x.png */; };
/* End PBXBuildFile section */

/* Begin PBXFileReference section */
		DA3B0283263A113500B69891 /* Project11.app */ = {isa = PBXFileReference; explicitFileType = wrapper.application; includeInIndex = 0; path = Project11.app; sourceTree = BUILT_PRODUCTS_DIR; };
		DA3B0286263A113500B69891 /* AppDelegate.swift */ = {isa = PBXFileReference; lastKnownFileType = sourcecode.swift; path = AppDelegate.swift; sourceTree = "<group>"; };
		DA3B0288263A113500B69891 /* GameScene.sks */ = {isa = PBXFileReference; lastKnownFileType = file.sks; path = GameScene.sks; sourceTree = "<group>"; };
		DA3B028C263A113500B69891 /* GameScene.swift */ = {isa = PBXFileReference; lastKnownFileType = sourcecode.swift; path = GameScene.swift; sourceTree = "<group>"; };
		DA3B028E263A113500B69891 /* GameViewController.swift */ = {isa = PBXFileReference; lastKnownFileType = sourcecode.swift; path = GameViewController.swift; sourceTree = "<group>"; };
		DA3B0291263A113500B69891 /* Base */ = {isa = PBXFileReference; lastKnownFileType = file.storyboard; name = Base; path = Base.lproj/Main.storyboard; sourceTree = "<group>"; };
		DA3B0293263A113700B69891 /* Assets.xcassets */ = {isa = PBXFileReference; lastKnownFileType = folder.assetcatalog; path = Assets.xcassets; sourceTree = "<group>"; };
		DA3B0295263A113700B69891 /* Info.plist */ = {isa = PBXFileReference; lastKnownFileType = text.plist.xml; path = Info.plist; sourceTree = "<group>"; };
		DA3B029B263A117A00B69891 /* README.md */ = {isa = PBXFileReference; fileEncoding = 4; lastKnownFileType = net.daringfireball.markdown; path = README.md; sourceTree = "<group>"; };
		DA3B029E263A16B700B69891 /* FireParticles.sks */ = {isa = PBXFileReference; lastKnownFileType = file.sks; path = FireParticles.sks; sourceTree = "<group>"; };
		DA3B029F263A16B700B69891 /* ballBlue@2x.png */ = {isa = PBXFileReference; lastKnownFileType = image.png; path = "ballBlue@2x.png"; sourceTree = "<group>"; };
		DA3B02A0263A16B700B69891 /* slotGlowBad@2x.png */ = {isa = PBXFileReference; lastKnownFileType = image.png; path = "slotGlowBad@2x.png"; sourceTree = "<group>"; };
		DA3B02A1263A16B700B69891 /* ballYellow@2x.png */ = {isa = PBXFileReference; lastKnownFileType = image.png; path = "ballYellow@2x.png"; sourceTree = "<group>"; };
		DA3B02A2263A16B700B69891 /* slotBaseGood@2x.png */ = {isa = PBXFileReference; lastKnownFileType = image.png; path = "slotBaseGood@2x.png"; sourceTree = "<group>"; };
		DA3B02A3263A16B700B69891 /* ballPurple@2x.png */ = {isa = PBXFileReference; lastKnownFileType = image.png; path = "ballPurple@2x.png"; sourceTree = "<group>"; };
		DA3B02A4263A16B700B69891 /* slotBaseBad@2x.png */ = {isa = PBXFileReference; lastKnownFileType = image.png; path = "slotBaseBad@2x.png"; sourceTree = "<group>"; };
		DA3B02A5263A16B700B69891 /* ballGrey@2x.png */ = {isa = PBXFileReference; lastKnownFileType = image.png; path = "ballGrey@2x.png"; sourceTree = "<group>"; };
		DA3B02A6263A16B700B69891 /* spark.png */ = {isa = PBXFileReference; lastKnownFileType = image.png; path = spark.png; sourceTree = "<group>"; };
		DA3B02A7263A16B700B69891 /* bouncer@2x.png */ = {isa = PBXFileReference; lastKnownFileType = image.png; path = "bouncer@2x.png"; sourceTree = "<group>"; };
		DA3B02A8263A16B700B69891 /* slotGlowGood@2x.png */ = {isa = PBXFileReference; lastKnownFileType = image.png; path = "slotGlowGood@2x.png"; sourceTree = "<group>"; };
		DA3B02A9263A16B700B69891 /* ballRed@2x.png */ = {isa = PBXFileReference; lastKnownFileType = image.png; path = "ballRed@2x.png"; sourceTree = "<group>"; };
		DA3B02AA263A16B700B69891 /* ballCyan@2x.png */ = {isa = PBXFileReference; lastKnownFileType = image.png; path = "ballCyan@2x.png"; sourceTree = "<group>"; };
		DA3B02AB263A16B700B69891 /* background@2x.jpg */ = {isa = PBXFileReference; lastKnownFileType = image.jpeg; path = "background@2x.jpg"; sourceTree = "<group>"; };
		DA3B02AC263A16B700B69891 /* ballGreen@2x.png */ = {isa = PBXFileReference; lastKnownFileType = image.png; path = "ballGreen@2x.png"; sourceTree = "<group>"; };
/* End PBXFileReference section */

/* Begin PBXFrameworksBuildPhase section */
		DA3B0280263A113500B69891 /* Frameworks */ = {
			isa = PBXFrameworksBuildPhase;
			buildActionMask = 2147483647;
			files = (
			);
			runOnlyForDeploymentPostprocessing = 0;
		};
/* End PBXFrameworksBuildPhase section */

/* Begin PBXGroup section */
		DA3B027A263A113500B69891 = {
			isa = PBXGroup;
			children = (
				DA3B029B263A117A00B69891 /* README.md */,
				DA3B0285263A113500B69891 /* Project11 */,
				DA3B0284263A113500B69891 /* Products */,
			);
			sourceTree = "<group>";
		};
		DA3B0284263A113500B69891 /* Products */ = {
			isa = PBXGroup;
			children = (
				DA3B0283263A113500B69891 /* Project11.app */,
			);
			name = Products;
			sourceTree = "<group>";
		};
		DA3B0285263A113500B69891 /* Project11 */ = {
			isa = PBXGroup;
			children = (
				DA3B0286263A113500B69891 /* AppDelegate.swift */,
				DA3B0288263A113500B69891 /* GameScene.sks */,
				DA3B028C263A113500B69891 /* GameScene.swift */,
				DA3B028E263A113500B69891 /* GameViewController.swift */,
				DA3B0290263A113500B69891 /* Main.storyboard */,
				DA3B0293263A113700B69891 /* Assets.xcassets */,
				DA3B0295263A113700B69891 /* Info.plist */,
				DA3B029D263A16B700B69891 /* Content */,
			);
			path = Project11;
			sourceTree = "<group>";
		};
		DA3B029D263A16B700B69891 /* Content */ = {
			isa = PBXGroup;
			children = (
				DA3B029E263A16B700B69891 /* FireParticles.sks */,
				DA3B029F263A16B700B69891 /* ballBlue@2x.png */,
				DA3B02A0263A16B700B69891 /* slotGlowBad@2x.png */,
				DA3B02A1263A16B700B69891 /* ballYellow@2x.png */,
				DA3B02A2263A16B700B69891 /* slotBaseGood@2x.png */,
				DA3B02A3263A16B700B69891 /* ballPurple@2x.png */,
				DA3B02A4263A16B700B69891 /* slotBaseBad@2x.png */,
				DA3B02A5263A16B700B69891 /* ballGrey@2x.png */,
				DA3B02A6263A16B700B69891 /* spark.png */,
				DA3B02A7263A16B700B69891 /* bouncer@2x.png */,
				DA3B02A8263A16B700B69891 /* slotGlowGood@2x.png */,
				DA3B02A9263A16B700B69891 /* ballRed@2x.png */,
				DA3B02AA263A16B700B69891 /* ballCyan@2x.png */,
				DA3B02AB263A16B700B69891 /* background@2x.jpg */,
				DA3B02AC263A16B700B69891 /* ballGreen@2x.png */,
			);
			path = Content;
			sourceTree = "<group>";
		};
/* End PBXGroup section */

/* Begin PBXNativeTarget section */
		DA3B0282263A113500B69891 /* Project11 */ = {
			isa = PBXNativeTarget;
			buildConfigurationList = DA3B0298263A113700B69891 /* Build configuration list for PBXNativeTarget "Project11" */;
			buildPhases = (
				DA3B027F263A113500B69891 /* Sources */,
				DA3B0280263A113500B69891 /* Frameworks */,
				DA3B0281263A113500B69891 /* Resources */,
			);
			buildRules = (
			);
			dependencies = (
			);
			name = Project11;
			productName = Project11;
			productReference = DA3B0283263A113500B69891 /* Project11.app */;
			productType = "com.apple.product-type.application";
		};
/* End PBXNativeTarget section */

/* Begin PBXProject section */
		DA3B027B263A113500B69891 /* Project object */ = {
			isa = PBXProject;
			attributes = {
				LastSwiftUpdateCheck = 1250;
				LastUpgradeCheck = 1250;
				TargetAttributes = {
					DA3B0282263A113500B69891 = {
						CreatedOnToolsVersion = 12.5;
					};
				};
			};
			buildConfigurationList = DA3B027E263A113500B69891 /* Build configuration list for PBXProject "Project11" */;
			compatibilityVersion = "Xcode 9.3";
			developmentRegion = en;
			hasScannedForEncodings = 0;
			knownRegions = (
				en,
				Base,
			);
			mainGroup = DA3B027A263A113500B69891;
			productRefGroup = DA3B0284263A113500B69891 /* Products */;
			projectDirPath = "";
			projectRoot = "";
			targets = (
				DA3B0282263A113500B69891 /* Project11 */,
			);
		};
/* End PBXProject section */

/* Begin PBXResourcesBuildPhase section */
		DA3B0281263A113500B69891 /* Resources */ = {
			isa = PBXResourcesBuildPhase;
			buildActionMask = 2147483647;
			files = (
				DA3B0292263A113500B69891 /* Main.storyboard in Resources */,
				DA3B02B8263A16B700B69891 /* ballRed@2x.png in Resources */,
				DA3B02B2263A16B700B69891 /* ballPurple@2x.png in Resources */,
				DA3B02B3263A16B700B69891 /* slotBaseBad@2x.png in Resources */,
				DA3B02B1263A16B700B69891 /* slotBaseGood@2x.png in Resources */,
				DA3B0289263A113500B69891 /* GameScene.sks in Resources */,
				DA3B02B7263A16B700B69891 /* slotGlowGood@2x.png in Resources */,
				DA3B02B5263A16B700B69891 /* spark.png in Resources */,
				DA3B02AD263A16B700B69891 /* FireParticles.sks in Resources */,
				DA3B029C263A117A00B69891 /* README.md in Resources */,
				DA3B0294263A113700B69891 /* Assets.xcassets in Resources */,
				DA3B02B0263A16B700B69891 /* ballYellow@2x.png in Resources */,
				DA3B02BB263A16B700B69891 /* ballGreen@2x.png in Resources */,
				DA3B02AE263A16B700B69891 /* ballBlue@2x.png in Resources */,
				DA3B02B9263A16B700B69891 /* ballCyan@2x.png in Resources */,
				DA3B02B6263A16B700B69891 /* bouncer@2x.png in Resources */,
				DA3B02B4263A16B700B69891 /* ballGrey@2x.png in Resources */,
				DA3B02BA263A16B700B69891 /* background@2x.jpg in Resources */,
				DA3B02AF263A16B700B69891 /* slotGlowBad@2x.png in Resources */,
			);
			runOnlyForDeploymentPostprocessing = 0;
		};
/* End PBXResourcesBuildPhase section */

/* Begin PBXSourcesBuildPhase section */
		DA3B027F263A113500B69891 /* Sources */ = {
			isa = PBXSourcesBuildPhase;
			buildActionMask = 2147483647;
			files = (
				DA3B028D263A113500B69891 /* GameScene.swift in Sources */,
				DA3B028F263A113500B69891 /* GameViewController.swift in Sources */,
				DA3B0287263A113500B69891 /* AppDelegate.swift in Sources */,
			);
			runOnlyForDeploymentPostprocessing = 0;
		};
/* End PBXSourcesBuildPhase section */

/* Begin PBXVariantGroup section */
		DA3B0290263A113500B69891 /* Main.storyboard */ = {
			isa = PBXVariantGroup;
			children = (
				DA3B0291263A113500B69891 /* Base */,
			);
			name = Main.storyboard;
			sourceTree = "<group>";
		};
/* End PBXVariantGroup section */

/* Begin XCBuildConfiguration section */
		DA3B0296263A113700B69891 /* Debug */ = {
			isa = XCBuildConfiguration;
			buildSettings = {
				ALWAYS_SEARCH_USER_PATHS = NO;
				CLANG_ANALYZER_NONNULL = YES;
				CLANG_ANALYZER_NUMBER_OBJECT_CONVERSION = YES_AGGRESSIVE;
				CLANG_CXX_LANGUAGE_STANDARD = "gnu++14";
				CLANG_CXX_LIBRARY = "libc++";
				CLANG_ENABLE_MODULES = YES;
				CLANG_ENABLE_OBJC_ARC = YES;
				CLANG_ENABLE_OBJC_WEAK = YES;
				CLANG_WARN_BLOCK_CAPTURE_AUTORELEASING = YES;
				CLANG_WARN_BOOL_CONVERSION = YES;
				CLANG_WARN_COMMA = YES;
				CLANG_WARN_CONSTANT_CONVERSION = YES;
				CLANG_WARN_DEPRECATED_OBJC_IMPLEMENTATIONS = YES;
				CLANG_WARN_DIRECT_OBJC_ISA_USAGE = YES_ERROR;
				CLANG_WARN_DOCUMENTATION_COMMENTS = YES;
				CLANG_WARN_EMPTY_BODY = YES;
				CLANG_WARN_ENUM_CONVERSION = YES;
				CLANG_WARN_INFINITE_RECURSION = YES;
				CLANG_WARN_INT_CONVERSION = YES;
				CLANG_WARN_NON_LITERAL_NULL_CONVERSION = YES;
				CLANG_WARN_OBJC_IMPLICIT_RETAIN_SELF = YES;
				CLANG_WARN_OBJC_LITERAL_CONVERSION = YES;
				CLANG_WARN_OBJC_ROOT_CLASS = YES_ERROR;
				CLANG_WARN_QUOTED_INCLUDE_IN_FRAMEWORK_HEADER = YES;
				CLANG_WARN_RANGE_LOOP_ANALYSIS = YES;
				CLANG_WARN_STRICT_PROTOTYPES = YES;
				CLANG_WARN_SUSPICIOUS_MOVE = YES;
				CLANG_WARN_UNGUARDED_AVAILABILITY = YES_AGGRESSIVE;
				CLANG_WARN_UNREACHABLE_CODE = YES;
				CLANG_WARN__DUPLICATE_METHOD_MATCH = YES;
				COPY_PHASE_STRIP = NO;
				DEBUG_INFORMATION_FORMAT = dwarf;
				ENABLE_STRICT_OBJC_MSGSEND = YES;
				ENABLE_TESTABILITY = YES;
				GCC_C_LANGUAGE_STANDARD = gnu11;
				GCC_DYNAMIC_NO_PIC = NO;
				GCC_NO_COMMON_BLOCKS = YES;
				GCC_OPTIMIZATION_LEVEL = 0;
				GCC_PREPROCESSOR_DEFINITIONS = (
					"DEBUG=1",
					"$(inherited)",
				);
				GCC_WARN_64_TO_32_BIT_CONVERSION = YES;
				GCC_WARN_ABOUT_RETURN_TYPE = YES_ERROR;
				GCC_WARN_UNDECLARED_SELECTOR = YES;
				GCC_WARN_UNINITIALIZED_AUTOS = YES_AGGRESSIVE;
				GCC_WARN_UNUSED_FUNCTION = YES;
				GCC_WARN_UNUSED_VARIABLE = YES;
				IPHONEOS_DEPLOYMENT_TARGET = 12.3;
				MTL_ENABLE_DEBUG_INFO = INCLUDE_SOURCE;
				MTL_FAST_MATH = YES;
				ONLY_ACTIVE_ARCH = YES;
				SDKROOT = iphoneos;
				SWIFT_ACTIVE_COMPILATION_CONDITIONS = DEBUG;
				SWIFT_OPTIMIZATION_LEVEL = "-Onone";
			};
			name = Debug;
		};
		DA3B0297263A113700B69891 /* Release */ = {
			isa = XCBuildConfiguration;
			buildSettings = {
				ALWAYS_SEARCH_USER_PATHS = NO;
				CLANG_ANALYZER_NONNULL = YES;
				CLANG_ANALYZER_NUMBER_OBJECT_CONVERSION = YES_AGGRESSIVE;
				CLANG_CXX_LANGUAGE_STANDARD = "gnu++14";
				CLANG_CXX_LIBRARY = "libc++";
				CLANG_ENABLE_MODULES = YES;
				CLANG_ENABLE_OBJC_ARC = YES;
				CLANG_ENABLE_OBJC_WEAK = YES;
				CLANG_WARN_BLOCK_CAPTURE_AUTORELEASING = YES;
				CLANG_WARN_BOOL_CONVERSION = YES;
				CLANG_WARN_COMMA = YES;
				CLANG_WARN_CONSTANT_CONVERSION = YES;
				CLANG_WARN_DEPRECATED_OBJC_IMPLEMENTATIONS = YES;
				CLANG_WARN_DIRECT_OBJC_ISA_USAGE = YES_ERROR;
				CLANG_WARN_DOCUMENTATION_COMMENTS = YES;
				CLANG_WARN_EMPTY_BODY = YES;
				CLANG_WARN_ENUM_CONVERSION = YES;
				CLANG_WARN_INFINITE_RECURSION = YES;
				CLANG_WARN_INT_CONVERSION = YES;
				CLANG_WARN_NON_LITERAL_NULL_CONVERSION = YES;
				CLANG_WARN_OBJC_IMPLICIT_RETAIN_SELF = YES;
				CLANG_WARN_OBJC_LITERAL_CONVERSION = YES;
				CLANG_WARN_OBJC_ROOT_CLASS = YES_ERROR;
				CLANG_WARN_QUOTED_INCLUDE_IN_FRAMEWORK_HEADER = YES;
				CLANG_WARN_RANGE_LOOP_ANALYSIS = YES;
				CLANG_WARN_STRICT_PROTOTYPES = YES;
				CLANG_WARN_SUSPICIOUS_MOVE = YES;
				CLANG_WARN_UNGUARDED_AVAILABILITY = YES_AGGRESSIVE;
				CLANG_WARN_UNREACHABLE_CODE = YES;
				CLANG_WARN__DUPLICATE_METHOD_MATCH = YES;
				COPY_PHASE_STRIP = NO;
				DEBUG_INFORMATION_FORMAT = "dwarf-with-dsym";
				ENABLE_NS_ASSERTIONS = NO;
				ENABLE_STRICT_OBJC_MSGSEND = YES;
				GCC_C_LANGUAGE_STANDARD = gnu11;
				GCC_NO_COMMON_BLOCKS = YES;
				GCC_WARN_64_TO_32_BIT_CONVERSION = YES;
				GCC_WARN_ABOUT_RETURN_TYPE = YES_ERROR;
				GCC_WARN_UNDECLARED_SELECTOR = YES;
				GCC_WARN_UNINITIALIZED_AUTOS = YES_AGGRESSIVE;
				GCC_WARN_UNUSED_FUNCTION = YES;
				GCC_WARN_UNUSED_VARIABLE = YES;
				IPHONEOS_DEPLOYMENT_TARGET = 12.3;
				MTL_ENABLE_DEBUG_INFO = NO;
				MTL_FAST_MATH = YES;
				SDKROOT = iphoneos;
				SWIFT_COMPILATION_MODE = wholemodule;
				SWIFT_OPTIMIZATION_LEVEL = "-O";
				VALIDATE_PRODUCT = YES;
			};
			name = Release;
		};
		DA3B0299263A113700B69891 /* Debug */ = {
			isa = XCBuildConfiguration;
			buildSettings = {
				ASSETCATALOG_COMPILER_APPICON_NAME = AppIcon;
				ASSETCATALOG_COMPILER_GLOBAL_ACCENT_COLOR_NAME = AccentColor;
				CODE_SIGN_STYLE = Automatic;
				DEVELOPMENT_TEAM = UC6H82UP9B;
				INFOPLIST_FILE = Project11/Info.plist;
				LD_RUNPATH_SEARCH_PATHS = (
					"$(inherited)",
					"@executable_path/Frameworks",
				);
				PRODUCT_BUNDLE_IDENTIFIER = com.plrichardson.Project11;
				PRODUCT_NAME = "$(TARGET_NAME)";
				SWIFT_VERSION = 5.0;
				TARGETED_DEVICE_FAMILY = 2;
			};
			name = Debug;
		};
		DA3B029A263A113700B69891 /* Release */ = {
			isa = XCBuildConfiguration;
			buildSettings = {
				ASSETCATALOG_COMPILER_APPICON_NAME = AppIcon;
				ASSETCATALOG_COMPILER_GLOBAL_ACCENT_COLOR_NAME = AccentColor;
				CODE_SIGN_STYLE = Automatic;
				DEVELOPMENT_TEAM = UC6H82UP9B;
				INFOPLIST_FILE = Project11/Info.plist;
				LD_RUNPATH_SEARCH_PATHS = (
					"$(inherited)",
					"@executable_path/Frameworks",
				);
				PRODUCT_BUNDLE_IDENTIFIER = com.plrichardson.Project11;
				PRODUCT_NAME = "$(TARGET_NAME)";
				SWIFT_VERSION = 5.0;
				TARGETED_DEVICE_FAMILY = 2;
			};
			name = Release;
		};
/* End XCBuildConfiguration section */

/* Begin XCConfigurationList section */
		DA3B027E263A113500B69891 /* Build configuration list for PBXProject "Project11" */ = {
			isa = XCConfigurationList;
			buildConfigurations = (
				DA3B0296263A113700B69891 /* Debug */,
				DA3B0297263A113700B69891 /* Release */,
			);
			defaultConfigurationIsVisible = 0;
			defaultConfigurationName = Release;
		};
		DA3B0298263A113700B69891 /* Build configuration list for PBXNativeTarget "Project11" */ = {
			isa = XCConfigurationList;
			buildConfigurations = (
				DA3B0299263A113700B69891 /* Debug */,
				DA3B029A263A113700B69891 /* Release */,
			);
			defaultConfigurationIsVisible = 0;
			defaultConfigurationName = Release;
		};
/* End XCConfigurationList section */
	};
	rootObject = DA3B027B263A113500B69891 /* Project object */;
}
